
Microsoft Visual Studio Solution File, Format Version 12.00
# Visual Studio 14
VisualStudioVersion = 14.0.25420.1
MinimumVisualStudioVersion = 10.0.40219.1
Project("{FAE04EC0-301F-11D3-BF4B-00C04F79EFBC}") = "TwoCnf", "TwoCnf\TwoCnf.csproj", "{4ACCCFB5-7197-4B80-B1F3-0A15EC2CE447}"
EndProject
Project("{FAE04EC0-301F-11D3-BF4B-00C04F79EFBC}") = "TwoCnf.Client", "TwoCnf.Client\TwoCnf.Client.csproj", "{CE1490E7-005F-4287-805F-3E8A1F63C622}"
EndProject
Global
	GlobalSection(SolutionConfigurationPlatforms) = preSolution
		Debug|Any CPU = Debug|Any CPU
		Release|Any CPU = Release|Any CPU
	EndGlobalSection
	GlobalSection(ProjectConfigurationPlatforms) = postSolution
		{4ACCCFB5-7197-4B80-B1F3-0A15EC2CE447}.Debug|Any CPU.ActiveCfg = Debug|Any CPU
		{4ACCCFB5-7197-4B80-B1F3-0A15EC2CE447}.Debug|Any CPU.Build.0 = Debug|Any CPU
		{4ACCCFB5-7197-4B80-B1F3-0A15EC2CE447}.Release|Any CPU.ActiveCfg = Release|Any CPU
		{4ACCCFB5-7197-4B80-B1F3-0A15EC2CE447}.Release|Any CPU.Build.0 = Release|Any CPU
		{CE1490E7-005F-4287-805F-3E8A1F63C622}.Debug|Any CPU.ActiveCfg = Debug|Any CPU
		{CE1490E7-005F-4287-805F-3E8A1F63C622}.Debug|Any CPU.Build.0 = Debug|Any CPU
		{CE1490E7-005F-4287-805F-3E8A1F63C622}.Release|Any CPU.ActiveCfg = Release|Any CPU
		{CE1490E7-005F-4287-805F-3E8A1F63C622}.Release|Any CPU.Build.0 = Release|Any CPU
	EndGlobalSection
	GlobalSection(SolutionProperties) = preSolution
		HideSolutionNode = FALSE
	EndGlobalSection
EndGlobal
